
Microsoft Visual Studio Solution File, Format Version 12.00
# Visual Studio Version 16
VisualStudioVersion = 16.0.29009.5
MinimumVisualStudioVersion = 10.0.40219.1
Project("{FAE04EC0-301F-11D3-BF4B-00C04F79EFBC}") = "KnowBarca.Android", "KnowBarca\KnowBarca.Android\KnowBarca.Android.csproj", "{FA7AEEA0-5CE4-4849-945F-E76473DB4E97}"
EndProject
Project("{FAE04EC0-301F-11D3-BF4B-00C04F79EFBC}") = "KnowBarca", "KnowBarca\KnowBarca\KnowBarca.csproj", "{5A784AA0-E16C-4444-840F-4310F2595C47}"
EndProject
Global
	GlobalSection(SolutionConfigurationPlatforms) = preSolution
		Debug|Any CPU = Debug|Any CPU
		Release|Any CPU = Release|Any CPU
	EndGlobalSection
	GlobalSection(ProjectConfigurationPlatforms) = postSolution
		{FA7AEEA0-5CE4-4849-945F-E76473DB4E97}.Debug|Any CPU.ActiveCfg = Debug|Any CPU
		{FA7AEEA0-5CE4-4849-945F-E76473DB4E97}.Debug|Any CPU.Build.0 = Debug|Any CPU
		{FA7AEEA0-5CE4-4849-945F-E76473DB4E97}.Debug|Any CPU.Deploy.0 = Debug|Any CPU
		{FA7AEEA0-5CE4-4849-945F-E76473DB4E97}.Release|Any CPU.ActiveCfg = Release|Any CPU
		{FA7AEEA0-5CE4-4849-945F-E76473DB4E97}.Release|Any CPU.Build.0 = Release|Any CPU
		{FA7AEEA0-5CE4-4849-945F-E76473DB4E97}.Release|Any CPU.Deploy.0 = Release|Any CPU
		{5A784AA0-E16C-4444-840F-4310F2595C47}.Debug|Any CPU.ActiveCfg = Debug|Any CPU
		{5A784AA0-E16C-4444-840F-4310F2595C47}.Debug|Any CPU.Build.0 = Debug|Any CPU
		{5A784AA0-E16C-4444-840F-4310F2595C47}.Debug|Any CPU.Deploy.0 = Debug|Any CPU
		{5A784AA0-E16C-4444-840F-4310F2595C47}.Release|Any CPU.ActiveCfg = Release|Any CPU
		{5A784AA0-E16C-4444-840F-4310F2595C47}.Release|Any CPU.Build.0 = Release|Any CPU
		{5A784AA0-E16C-4444-840F-4310F2595C47}.Release|Any CPU.Deploy.0 = Release|Any CPU
	EndGlobalSection
	GlobalSection(SolutionProperties) = preSolution
		HideSolutionNode = FALSE
	EndGlobalSection
	GlobalSection(ExtensibilityGlobals) = postSolution
		SolutionGuid = {39318787-59BD-43FD-AB4D-92142F9593BE}
	EndGlobalSection
EndGlobal
